
Microsoft Visual Studio Solution File, Format Version 12.00
# Visual Studio Version 17
VisualStudioVersion = 17.10.35013.160
MinimumVisualStudioVersion = 10.0.40219.1
Project("{FAE04EC0-301F-11D3-BF4B-00C04F79EFBC}") = "CadastroClientesMVC", "CadastroClientesMVC\CadastroClientesMVC.csproj", "{4CEEBA15-0370-4CEB-B373-B1EC7D57225B}"
EndProject
Global
	GlobalSection(SolutionConfigurationPlatforms) = preSolution
		Debug|Any CPU = Debug|Any CPU
		Release|Any CPU = Release|Any CPU
	EndGlobalSection
	GlobalSection(ProjectConfigurationPlatforms) = postSolution
		{4CEEBA15-0370-4CEB-B373-B1EC7D57225B}.Debug|Any CPU.ActiveCfg = Debug|Any CPU
		{4CEEBA15-0370-4CEB-B373-B1EC7D57225B}.Debug|Any CPU.Build.0 = Debug|Any CPU
		{4CEEBA15-0370-4CEB-B373-B1EC7D57225B}.Release|Any CPU.ActiveCfg = Release|Any CPU
		{4CEEBA15-0370-4CEB-B373-B1EC7D57225B}.Release|Any CPU.Build.0 = Release|Any CPU
	EndGlobalSection
	GlobalSection(SolutionProperties) = preSolution
		HideSolutionNode = FALSE
	EndGlobalSection
	GlobalSection(ExtensibilityGlobals) = postSolution
		SolutionGuid = {5E471965-E252-457D-9862-978F943384E5}
	EndGlobalSection
EndGlobal
